PODS:
  - MnemonicSwift (2.2.4)
  - SQLite.swift (0.14.1):
    - SQLite.swift/standard (= 0.14.1)
  - SQLite.swift/standard (0.14.1)

DEPENDENCIES:
  - MnemonicSwift
  - SQLite.swift (~> 0.14.0)

SPEC REPOS:
  trunk:
    - MnemonicSwift
    - SQLite.swift

SPEC CHECKSUMS:
  MnemonicSwift: 40ba76b951b75b32e2719df989b4d6da5798fe26
  SQLite.swift: 2992550ebf3c5b268bf4352603e3df87d2a4ed72

PODFILE CHECKSUM: 0c226709b38e388bb0891776aab958867f4b4591

COCOAPODS: 1.12.0
